<?xml version="1.0" encoding="utf-8"?>
<Project ToolsVersion="4.0" xmlns="http://schemas.microsoft.com/developer/msbuild/2003">
  <ItemGroup>
    <Filter Include="Source Files">
      <UniqueIdentifier>{4FC737F1-C7A5-4376-A066-2A32D752A2FF}</UniqueIdentifier>
      <Extensions>cpp;c;cc;cxx;c++;cppm;ixx;def;odl;idl;hpj;bat;asm;asmx</Extensions>
    </Filter>
    <Filter Include="Header Files">
      <UniqueIdentifier>{93995380-89BD-4b04-88EB-625FBE52EBFB}</UniqueIdentifier>
      <Extensions>h;hh;hpp;hxx;h++;hm;inl;inc;ipp;xsd</Extensions>
    </Filter>
    <Filter Include="Resource Files">
      <UniqueIdentifier>{67DA6AB6-F800-4c08-8B7A-83BB121AAD01}</UniqueIdentifier>
      <Extensions>rc;ico;cur;bmp;dlg;rc2;rct;bin;rgs;gif;jpg;jpeg;jpe;resx;tiff;tif;png;wav;mfcribbon-ms</Extensions>
    </Filter>
  </ItemGroup>
  <ItemGroup>
    <ClCompile Include="AES_GatewayFirmwareEncrypt.cpp">
      <Filter>Source Files</Filter>
    </ClCompile>
    <ClCompile Include="Crypto\AES128.cpp">
      <Filter>Source Files</Filter>
    </ClCompile>
    <ClCompile Include="Crypto\AES192.cpp">
      <Filter>Source Files</Filter>
    </ClCompile>
    <ClCompile Include="Crypto\AES256.cpp">
      <Filter>Source Files</Filter>
    </ClCompile>
    <ClCompile Include="Crypto\AESCommon.cpp">
      <Filter>Source Files</Filter>
    </ClCompile>
    <ClCompile Include="Crypto\AESEsp32.cpp">
      <Filter>Source Files</Filter>
    </ClCompile>
    <ClCompile Include="Crypto\BlockCipher.cpp">
      <Filter>Source Files</Filter>
    </ClCompile>
    <ClCompile Include="Crypto\Crypto.cpp">
      <Filter>Source Files</Filter>
    </ClCompile>
    <ClCompile Include="Crypto\myTestHandler.cpp">
      <Filter>Source Files</Filter>
    </ClCompile>
  </ItemGroup>
  <ItemGroup>
    <ClInclude Include="resource.h">
      <Filter>Header Files</Filter>
    </ClInclude>
    <ClInclude Include="Crypto\AES.h">
      <Filter>Header Files</Filter>
    </ClInclude>
    <ClInclude Include="Crypto\AuthenticatedCipher.h">
      <Filter>Header Files</Filter>
    </ClInclude>
    <ClInclude Include="Crypto\BigNumberUtil.h">
      <Filter>Header Files</Filter>
    </ClInclude>
    <ClInclude Include="Crypto\BLAKE2b.h">
      <Filter>Header Files</Filter>
    </ClInclude>
    <ClInclude Include="Crypto\BLAKE2s.h">
      <Filter>Header Files</Filter>
    </ClInclude>
    <ClInclude Include="Crypto\BlockCipher.h">
      <Filter>Header Files</Filter>
    </ClInclude>
    <ClInclude Include="Crypto\ChaCha.h">
      <Filter>Header Files</Filter>
    </ClInclude>
    <ClInclude Include="Crypto\ChaChaPoly.h">
      <Filter>Header Files</Filter>
    </ClInclude>
    <ClInclude Include="Crypto\Cipher.h">
      <Filter>Header Files</Filter>
    </ClInclude>
    <ClInclude Include="Crypto\Crypto.h">
      <Filter>Header Files</Filter>
    </ClInclude>
    <ClInclude Include="Crypto\CTR.h">
      <Filter>Header Files</Filter>
    </ClInclude>
    <ClInclude Include="Crypto\Curve25519.h">
      <Filter>Header Files</Filter>
    </ClInclude>
    <ClInclude Include="Crypto\EAX.h">
      <Filter>Header Files</Filter>
    </ClInclude>
    <ClInclude Include="Crypto\Ed25519.h">
      <Filter>Header Files</Filter>
    </ClInclude>
    <ClInclude Include="Crypto\GCM.h">
      <Filter>Header Files</Filter>
    </ClInclude>
    <ClInclude Include="Crypto\GF128.h">
      <Filter>Header Files</Filter>
    </ClInclude>
    <ClInclude Include="Crypto\GHASH.h">
      <Filter>Header Files</Filter>
    </ClInclude>
    <ClInclude Include="Crypto\Hash.h">
      <Filter>Header Files</Filter>
    </ClInclude>
    <ClInclude Include="Crypto\HKDF.h">
      <Filter>Header Files</Filter>
    </ClInclude>
    <ClInclude Include="Crypto\KeccakCore.h">
      <Filter>Header Files</Filter>
    </ClInclude>
    <ClInclude Include="Crypto\NoiseSource.h">
      <Filter>Header Files</Filter>
    </ClInclude>
    <ClInclude Include="Crypto\OMAC.h">
      <Filter>Header Files</Filter>
    </ClInclude>
    <ClInclude Include="Crypto\P521.h">
      <Filter>Header Files</Filter>
    </ClInclude>
    <ClInclude Include="Crypto\Poly1305.h">
      <Filter>Header Files</Filter>
    </ClInclude>
    <ClInclude Include="Crypto\RNG.h">
      <Filter>Header Files</Filter>
    </ClInclude>
    <ClInclude Include="Crypto\SHA3.h">
      <Filter>Header Files</Filter>
    </ClInclude>
    <ClInclude Include="Crypto\SHA224.h">
      <Filter>Header Files</Filter>
    </ClInclude>
    <ClInclude Include="Crypto\SHA256.h">
      <Filter>Header Files</Filter>
    </ClInclude>
    <ClInclude Include="Crypto\SHA384.h">
      <Filter>Header Files</Filter>
    </ClInclude>
    <ClInclude Include="Crypto\SHA512.h">
      <Filter>Header Files</Filter>
    </ClInclude>
    <ClInclude Include="Crypto\SHAKE.h">
      <Filter>Header Files</Filter>
    </ClInclude>
    <ClInclude Include="Crypto\XOF.h">
      <Filter>Header Files</Filter>
    </ClInclude>
    <ClInclude Include="Crypto\XTS.h">
      <Filter>Header Files</Filter>
    </ClInclude>
    <ClInclude Include="Crypto\utility\EndianUtil.h">
      <Filter>Header Files</Filter>
    </ClInclude>
    <ClInclude Include="Crypto\utility\LimbUtil.h">
      <Filter>Header Files</Filter>
    </ClInclude>
    <ClInclude Include="Crypto\utility\ProgMemUtil.h">
      <Filter>Header Files</Filter>
    </ClInclude>
    <ClInclude Include="Crypto\utility\RotateUtil.h">
      <Filter>Header Files</Filter>
    </ClInclude>
    <ClInclude Include="Crypto\myTestHandler.h">
      <Filter>Header Files</Filter>
    </ClInclude>
  </ItemGroup>
  <ItemGroup>
    <ResourceCompile Include="AES_GatewayFirmwareEncrypt.rc">
      <Filter>Resource Files</Filter>
    </ResourceCompile>
  </ItemGroup>
  <ItemGroup>
    <None Include="ClassDiagram.cd" />
  </ItemGroup>
</Project>